
Microsoft Visual Studio Solution File, Format Version 12.00
# Visual Studio Version 17
VisualStudioVersion = 17.0.31903.59
MinimumVisualStudioVersion = 10.0.40219.1
Project("{FAE04EC0-301F-11D3-BF4B-00C04F79EFBC}") = "Doctheca.Database", "Database\Doctheca.Database.csproj", "{A1B2C3D4-0001-0001-0001-000000000002}"
EndProject
Project("{FAE04EC0-301F-11D3-BF4B-00C04F79EFBC}") = "Doctheca.Domain", "Domain\Doctheca.Domain.csproj", "{A1B2C3D4-0001-0001-0001-000000000003}"
EndProject
Project("{FAE04EC0-301F-11D3-BF4B-00C04F79EFBC}") = "Doctheca.Service", "Service\Doctheca.Service.csproj", "{A1B2C3D4-0001-0001-0001-000000000004}"
EndProject
Project("{FAE04EC0-301F-11D3-BF4B-00C04F79EFBC}") = "Doctheca.Host", "Host\Doctheca.Host.csproj", "{A1B2C3D4-0001-0001-0001-000000000005}"
EndProject
Project("{2150E333-8FDC-42A3-9474-1A3956D46DE8}") = "test", "test", "{0C88DD14-F956-CE84-757C-A364CCF449FC}"
EndProject
Project("{FAE04EC0-301F-11D3-BF4B-00C04F79EFBC}") = "Doctheca.Tests", "Tests\Doctheca.Tests\Doctheca.Tests.csproj", "{6F9765F9-E972-4A84-9778-40842B98052B}"
EndProject
Project("{2150E333-8FDC-42A3-9474-1A3956D46DE8}") = "src", "src", "{827E0CD3-B72D-47B6-A68D-7590B98EB39B}"
EndProject
Project("{2150E333-8FDC-42A3-9474-1A3956D46DE8}") = "Domain", "Domain", "{8B290487-4C16-E85E-E807-F579CBE9FC4D}"
EndProject
Project("{2150E333-8FDC-42A3-9474-1A3956D46DE8}") = "Service", "Service", "{D40739C2-B365-88A5-00D6-6C74FD5CFB3F}"
EndProject
Project("{2150E333-8FDC-42A3-9474-1A3956D46DE8}") = "Database", "Database", "{76D67ED7-F942-09D1-EB9C-5DD1CD93BD2D}"
EndProject
Global
	GlobalSection(SolutionConfigurationPlatforms) = preSolution
		Debug|Any CPU = Debug|Any CPU
		Debug|x64 = Debug|x64
		Debug|x86 = Debug|x86
		Release|Any CPU = Release|Any CPU
		Release|x64 = Release|x64
		Release|x86 = Release|x86
	EndGlobalSection
	GlobalSection(ProjectConfigurationPlatforms) = postSolution
		{A1B2C3D4-0001-0001-0001-000000000002}.Debug|Any CPU.ActiveCfg = Debug|Any CPU
		{A1B2C3D4-0001-0001-0001-000000000002}.Debug|Any CPU.Build.0 = Debug|Any CPU
		{A1B2C3D4-0001-0001-0001-000000000002}.Debug|x64.ActiveCfg = Debug|Any CPU
		{A1B2C3D4-0001-0001-0001-000000000002}.Debug|x64.Build.0 = Debug|Any CPU
		{A1B2C3D4-0001-0001-0001-000000000002}.Debug|x86.ActiveCfg = Debug|Any CPU
		{A1B2C3D4-0001-0001-0001-000000000002}.Debug|x86.Build.0 = Debug|Any CPU
		{A1B2C3D4-0001-0001-0001-000000000002}.Release|Any CPU.ActiveCfg = Release|Any CPU
		{A1B2C3D4-0001-0001-0001-000000000002}.Release|Any CPU.Build.0 = Release|Any CPU
		{A1B2C3D4-0001-0001-0001-000000000002}.Release|x64.ActiveCfg = Release|Any CPU
		{A1B2C3D4-0001-0001-0001-000000000002}.Release|x64.Build.0 = Release|Any CPU
		{A1B2C3D4-0001-0001-0001-000000000002}.Release|x86.ActiveCfg = Release|Any CPU
		{A1B2C3D4-0001-0001-0001-000000000002}.Release|x86.Build.0 = Release|Any CPU
		{A1B2C3D4-0001-0001-0001-000000000003}.Debug|Any CPU.ActiveCfg = Debug|Any CPU
		{A1B2C3D4-0001-0001-0001-000000000003}.Debug|Any CPU.Build.0 = Debug|Any CPU
		{A1B2C3D4-0001-0001-0001-000000000003}.Debug|x64.ActiveCfg = Debug|Any CPU
		{A1B2C3D4-0001-0001-0001-000000000003}.Debug|x64.Build.0 = Debug|Any CPU
		{A1B2C3D4-0001-0001-0001-000000000003}.Debug|x86.ActiveCfg = Debug|Any CPU
		{A1B2C3D4-0001-0001-0001-000000000003}.Debug|x86.Build.0 = Debug|Any CPU
		{A1B2C3D4-0001-0001-0001-000000000003}.Release|Any CPU.ActiveCfg = Release|Any CPU
		{A1B2C3D4-0001-0001-0001-000000000003}.Release|Any CPU.Build.0 = Release|Any CPU
		{A1B2C3D4-0001-0001-0001-000000000003}.Release|x64.ActiveCfg = Release|Any CPU
		{A1B2C3D4-0001-0001-0001-000000000003}.Release|x64.Build.0 = Release|Any CPU
		{A1B2C3D4-0001-0001-0001-000000000003}.Release|x86.ActiveCfg = Release|Any CPU
		{A1B2C3D4-0001-0001-0001-000000000003}.Release|x86.Build.0 = Release|Any CPU
		{A1B2C3D4-0001-0001-0001-000000000004}.Debug|Any CPU.ActiveCfg = Debug|Any CPU
		{A1B2C3D4-0001-0001-0001-000000000004}.Debug|Any CPU.Build.0 = Debug|Any CPU
		{A1B2C3D4-0001-0001-0001-000000000004}.Debug|x64.ActiveCfg = Debug|Any CPU
		{A1B2C3D4-0001-0001-0001-000000000004}.Debug|x64.Build.0 = Debug|Any CPU
		{A1B2C3D4-0001-0001-0001-000000000004}.Debug|x86.ActiveCfg = Debug|Any CPU
		{A1B2C3D4-0001-0001-0001-000000000004}.Debug|x86.Build.0 = Debug|Any CPU
		{A1B2C3D4-0001-0001-0001-000000000004}.Release|Any CPU.ActiveCfg = Release|Any CPU
		{A1B2C3D4-0001-0001-0001-000000000004}.Release|Any CPU.Build.0 = Release|Any CPU
		{A1B2C3D4-0001-0001-0001-000000000004}.Release|x64.ActiveCfg = Release|Any CPU
		{A1B2C3D4-0001-0001-0001-000000000004}.Release|x64.Build.0 = Release|Any CPU
		{A1B2C3D4-0001-0001-0001-000000000004}.Release|x86.ActiveCfg = Release|Any CPU
		{A1B2C3D4-0001-0001-0001-000000000004}.Release|x86.Build.0 = Release|Any CPU
		{A1B2C3D4-0001-0001-0001-000000000005}.Debug|Any CPU.ActiveCfg = Debug|Any CPU
		{A1B2C3D4-0001-0001-0001-000000000005}.Debug|Any CPU.Build.0 = Debug|Any CPU
		{A1B2C3D4-0001-0001-0001-000000000005}.Debug|x64.ActiveCfg = Debug|Any CPU
		{A1B2C3D4-0001-0001-0001-000000000005}.Debug|x64.Build.0 = Debug|Any CPU
		{A1B2C3D4-0001-0001-0001-000000000005}.Debug|x86.ActiveCfg = Debug|Any CPU
		{A1B2C3D4-0001-0001-0001-000000000005}.Debug|x86.Build.0 = Debug|Any CPU
		{A1B2C3D4-0001-0001-0001-000000000005}.Release|Any CPU.ActiveCfg = Release|Any CPU
		{A1B2C3D4-0001-0001-0001-000000000005}.Release|Any CPU.Build.0 = Release|Any CPU
		{A1B2C3D4-0001-0001-0001-000000000005}.Release|x64.ActiveCfg = Release|Any CPU
		{A1B2C3D4-0001-0001-0001-000000000005}.Release|x64.Build.0 = Release|Any CPU
		{A1B2C3D4-0001-0001-0001-000000000005}.Release|x86.ActiveCfg = Release|Any CPU
		{A1B2C3D4-0001-0001-0001-000000000005}.Release|x86.Build.0 = Release|Any CPU
		{6F9765F9-E972-4A84-9778-40842B98052B}.Debug|Any CPU.ActiveCfg = Debug|Any CPU
		{6F9765F9-E972-4A84-9778-40842B98052B}.Debug|Any CPU.Build.0 = Debug|Any CPU
		{6F9765F9-E972-4A84-9778-40842B98052B}.Debug|x64.ActiveCfg = Debug|Any CPU
		{6F9765F9-E972-4A84-9778-40842B98052B}.Debug|x64.Build.0 = Debug|Any CPU
		{6F9765F9-E972-4A84-9778-40842B98052B}.Debug|x86.ActiveCfg = Debug|Any CPU
		{6F9765F9-E972-4A84-9778-40842B98052B}.Debug|x86.Build.0 = Debug|Any CPU
		{6F9765F9-E972-4A84-9778-40842B98052B}.Release|Any CPU.ActiveCfg = Release|Any CPU
		{6F9765F9-E972-4A84-9778-40842B98052B}.Release|Any CPU.Build.0 = Release|Any CPU
		{6F9765F9-E972-4A84-9778-40842B98052B}.Release|x64.ActiveCfg = Release|Any CPU
		{6F9765F9-E972-4A84-9778-40842B98052B}.Release|x64.Build.0 = Release|Any CPU
		{6F9765F9-E972-4A84-9778-40842B98052B}.Release|x86.ActiveCfg = Release|Any CPU
		{6F9765F9-E972-4A84-9778-40842B98052B}.Release|x86.Build.0 = Release|Any CPU
	EndGlobalSection
	GlobalSection(SolutionProperties) = preSolution
		HideSolutionNode = FALSE
	EndGlobalSection
	GlobalSection(NestedProjects) = preSolution
		{6F9765F9-E972-4A84-9778-40842B98052B} = {0C88DD14-F956-CE84-757C-A364CCF449FC}
		{8B290487-4C16-E85E-E807-F579CBE9FC4D} = {827E0CD3-B72D-47B6-A68D-7590B98EB39B}
		{D40739C2-B365-88A5-00D6-6C74FD5CFB3F} = {827E0CD3-B72D-47B6-A68D-7590B98EB39B}
		{76D67ED7-F942-09D1-EB9C-5DD1CD93BD2D} = {827E0CD3-B72D-47B6-A68D-7590B98EB39B}
	EndGlobalSection
EndGlobal
